{
  "name": "node",
  "version": "1.0.0",
  "lockfileVersion": 3,
  "requires": true,
  "packages": {
    "": {
      "name": "node",
      "version": "1.0.0",
      "license": "ISC",
      "dependencies": {
        "@hihussss/platform": "^1.0.0"
      }
    },
    "node_modules/@hihussss/platform": {
      "version": "1.0.0",
      "resolved": "https://npm.pkg.github.com/download/@hihussss/platform/1.0.0/778d7e4d22cf6c150bdcab439d9376a9528f8564",
      "integrity": "sha512-Zf6oaciLMSvtPw4Z6gwnEkWIe14CeT8Nm3UbndJFW9zt3yrzMYVPCgTD6onhvAxSOgPGO0NwSlcvLWtZTOWGOA==",
      "license": "ISC"
    }
  }
}
